
Microsoft Visual Studio Solution File, Format Version 12.00
# Visual Studio 15
VisualStudioVersion = 15.0.27703.2035
MinimumVisualStudioVersion = 10.0.40219.1
Project("{FAE04EC0-301F-11D3-BF4B-00C04F79EFBC}") = "LiberacaoCredito", "LiberacaoCredito\LiberacaoCredito.csproj", "{B696B038-7D56-49C4-BE82-5C6C6C7DBA28}"
EndProject
Global
	GlobalSection(SolutionConfigurationPlatforms) = preSolution
		Debug|Any CPU = Debug|Any CPU
		Release|Any CPU = Release|Any CPU
	EndGlobalSection
	GlobalSection(ProjectConfigurationPlatforms) = postSolution
		{B696B038-7D56-49C4-BE82-5C6C6C7DBA28}.Debug|Any CPU.ActiveCfg = Debug|Any CPU
		{B696B038-7D56-49C4-BE82-5C6C6C7DBA28}.Debug|Any CPU.Build.0 = Debug|Any CPU
		{B696B038-7D56-49C4-BE82-5C6C6C7DBA28}.Release|Any CPU.ActiveCfg = Release|Any CPU
		{B696B038-7D56-49C4-BE82-5C6C6C7DBA28}.Release|Any CPU.Build.0 = Release|Any CPU
	EndGlobalSection
	GlobalSection(SolutionProperties) = preSolution
		HideSolutionNode = FALSE
	EndGlobalSection
	GlobalSection(ExtensibilityGlobals) = postSolution
		SolutionGuid = {44A8B02C-9683-4A2E-8523-A7267FEDAB58}
	EndGlobalSection
EndGlobal
